# This file was autogenerated by uv via the following command:
#    uv pip compile pyproject.toml
attrs==25.3.0
    # via
    #   jsonschema
    #   referencing
certifi==2025.6.15
    # via requests
charset-normalizer==3.4.2
    # via requests
cramjam==2.10.0
    # via fastparquet
fastparquet==2024.11.0
    # via sequrachallenge (pyproject.toml)
fsspec==2025.5.1
    # via fastparquet
idna==3.10
    # via requests
jsonschema==4.24.0
    # via sequrachallenge (pyproject.toml)
jsonschema-specifications==2025.4.1
    # via jsonschema
numpy==2.0.2
    # via
    #   fastparquet
    #   pandas
packaging==25.0
    # via fastparquet
pandas==2.3.0
    # via
    #   sequrachallenge (pyproject.toml)
    #   fastparquet
pyarrow==20.0.0
    # via sequrachallenge (pyproject.toml)
python-dateutil==2.9.0.post0
    # via pandas
pytz==2025.2
    # via pandas
referencing==0.36.2
    # via
    #   jsonschema
    #   jsonschema-specifications
requests==2.32.4
    # via sequrachallenge (pyproject.toml)
rpds-py==0.25.1
    # via
    #   jsonschema
    #   referencing
six==1.17.0
    # via python-dateutil
typing-extensions==4.14.0
    # via referencing
tzdata==2025.2
    # via pandas
urllib3==2.5.0
    # via requests
